// !$*UTF8*$!
{
	archiveVersion = 1;
	classes = {
	};
	objectVersion = 51;
	objects = {

/* Begin PBXBuildFile section */
		9162AB0523B1F1B600F4C755 /* AppDelegate.swift in Sources */ = {isa = PBXBuildFile; fileRef = 9162AB0423B1F1B600F4C755 /* AppDelegate.swift */; };
		9162AB0723B1F1B600F4C755 /* SceneDelegate.swift in Sources */ = {isa = PBXBuildFile; fileRef = 9162AB0623B1F1B600F4C755 /* SceneDelegate.swift */; };
		9162AB0923B1F1B600F4C755 /* ViewController.swift in Sources */ = {isa = PBXBuildFile; fileRef = 9162AB0823B1F1B600F4C755 /* ViewController.swift */; };
		9162AB0C23B1F1B600F4C755 /* Main.storyboard in Resources */ = {isa = PBXBuildFile; fileRef = 9162AB0A23B1F1B600F4C755 /* Main.storyboard */; };
		9162AB0E23B1F1B800F4C755 /* Assets.xcassets in Resources */ = {isa = PBXBuildFile; fileRef = 9162AB0D23B1F1B800F4C755 /* Assets.xcassets */; };
		9162AB1123B1F1B800F4C755 /* LaunchScreen.storyboard in Resources */ = {isa = PBXBuildFile; fileRef = 9162AB0F23B1F1B800F4C755 /* LaunchScreen.storyboard */; };
/* End PBXBuildFile section */

/* Begin PBXFileReference section */
		9162AB0123B1F1B600F4C755 /* SoraQuickStart.app */ = {isa = PBXFileReference; explicitFileType = wrapper.application; includeInIndex = 0; path = SoraQuickStart.app; sourceTree = BUILT_PRODUCTS_DIR; };
		9162AB0423B1F1B600F4C755 /* AppDelegate.swift */ = {isa = PBXFileReference; lastKnownFileType = sourcecode.swift; path = AppDelegate.swift; sourceTree = "<group>"; };
		9162AB0623B1F1B600F4C755 /* SceneDelegate.swift */ = {isa = PBXFileReference; lastKnownFileType = sourcecode.swift; path = SceneDelegate.swift; sourceTree = "<group>"; };
		9162AB0823B1F1B600F4C755 /* ViewController.swift */ = {isa = PBXFileReference; lastKnownFileType = sourcecode.swift; path = ViewController.swift; sourceTree = "<group>"; };
		9162AB0B23B1F1B600F4C755 /* Base */ = {isa = PBXFileReference; lastKnownFileType = file.storyboard; name = Base; path = Base.lproj/Main.storyboard; sourceTree = "<group>"; };
		9162AB0D23B1F1B800F4C755 /* Assets.xcassets */ = {isa = PBXFileReference; lastKnownFileType = folder.assetcatalog; path = Assets.xcassets; sourceTree = "<group>"; };
		9162AB1023B1F1B800F4C755 /* Base */ = {isa = PBXFileReference; lastKnownFileType = file.storyboard; name = Base; path = Base.lproj/LaunchScreen.storyboard; sourceTree = "<group>"; };
		9162AB1223B1F1B800F4C755 /* Info.plist */ = {isa = PBXFileReference; lastKnownFileType = text.plist.xml; path = Info.plist; sourceTree = "<group>"; };
/* End PBXFileReference section */

/* Begin PBXFrameworksBuildPhase section */
		9162AAFE23B1F1B600F4C755 /* Frameworks */ = {
			isa = PBXFrameworksBuildPhase;
			buildActionMask = 2147483647;
			files = (
			);
			runOnlyForDeploymentPostprocessing = 0;
		};
/* End PBXFrameworksBuildPhase section */

/* Begin PBXGroup section */
		9162AAF823B1F1B600F4C755 = {
			isa = PBXGroup;
			children = (
				9162AB0323B1F1B600F4C755 /* SoraQuickStart */,
				9162AB0223B1F1B600F4C755 /* Products */,
			);
			sourceTree = "<group>";
		};
		9162AB0223B1F1B600F4C755 /* Products */ = {
			isa = PBXGroup;
			children = (
				9162AB0123B1F1B600F4C755 /* SoraQuickStart.app */,
			);
			name = Products;
			sourceTree = "<group>";
		};
		9162AB0323B1F1B600F4C755 /* SoraQuickStart */ = {
			isa = PBXGroup;
			children = (
				9162AB0423B1F1B600F4C755 /* AppDelegate.swift */,
				9162AB0623B1F1B600F4C755 /* SceneDelegate.swift */,
				9162AB0823B1F1B600F4C755 /* ViewController.swift */,
				9162AB0A23B1F1B600F4C755 /* Main.storyboard */,
				9162AB0D23B1F1B800F4C755 /* Assets.xcassets */,
				9162AB0F23B1F1B800F4C755 /* LaunchScreen.storyboard */,
				9162AB1223B1F1B800F4C755 /* Info.plist */,
			);
			path = SoraQuickStart;
			sourceTree = "<group>";
		};
/* End PBXGroup section */

/* Begin PBXNativeTarget section */
		9162AB0023B1F1B600F4C755 /* SoraQuickStart */ = {
			isa = PBXNativeTarget;
			buildConfigurationList = 9162AB1523B1F1B800F4C755 /* Build configuration list for PBXNativeTarget "SoraQuickStart" */;
			buildPhases = (
				9162AAFD23B1F1B600F4C755 /* Sources */,
				9162AAFE23B1F1B600F4C755 /* Frameworks */,
				9162AAFF23B1F1B600F4C755 /* Resources */,
			);
			buildRules = (
			);
			dependencies = (
			);
			name = SoraQuickStart;
			productName = SoraQuickStart;
			productReference = 9162AB0123B1F1B600F4C755 /* SoraQuickStart.app */;
			productType = "com.apple.product-type.application";
		};
/* End PBXNativeTarget section */

/* Begin PBXProject section */
		9162AAF923B1F1B600F4C755 /* Project object */ = {
			isa = PBXProject;
			attributes = {
				LastSwiftUpdateCheck = 1130;
				LastUpgradeCheck = 1200;
				ORGANIZATIONNAME = "Shiguredo Inc.";
				TargetAttributes = {
					9162AB0023B1F1B600F4C755 = {
						CreatedOnToolsVersion = 11.3;
					};
				};
			};
			buildConfigurationList = 9162AAFC23B1F1B600F4C755 /* Build configuration list for PBXProject "SoraQuickStart" */;
			compatibilityVersion = "Xcode 9.3";
			developmentRegion = en;
			hasScannedForEncodings = 0;
			knownRegions = (
				en,
				Base,
			);
			mainGroup = 9162AAF823B1F1B600F4C755;
			productRefGroup = 9162AB0223B1F1B600F4C755 /* Products */;
			projectDirPath = "";
			projectRoot = "";
			targets = (
				9162AB0023B1F1B600F4C755 /* SoraQuickStart */,
			);
		};
/* End PBXProject section */

/* Begin PBXResourcesBuildPhase section */
		9162AAFF23B1F1B600F4C755 /* Resources */ = {
			isa = PBXResourcesBuildPhase;
			buildActionMask = 2147483647;
			files = (
				9162AB1123B1F1B800F4C755 /* LaunchScreen.storyboard in Resources */,
				9162AB0E23B1F1B800F4C755 /* Assets.xcassets in Resources */,
				9162AB0C23B1F1B600F4C755 /* Main.storyboard in Resources */,
			);
			runOnlyForDeploymentPostprocessing = 0;
		};
/* End PBXResourcesBuildPhase section */

/* Begin PBXSourcesBuildPhase section */
		9162AAFD23B1F1B600F4C755 /* Sources */ = {
			isa = PBXSourcesBuildPhase;
			buildActionMask = 2147483647;
			files = (
				9162AB0923B1F1B600F4C755 /* ViewController.swift in Sources */,
				9162AB0523B1F1B600F4C755 /* AppDelegate.swift in Sources */,
				9162AB0723B1F1B600F4C755 /* SceneDelegate.swift in Sources */,
			);
			runOnlyForDeploymentPostprocessing = 0;
		};
/* End PBXSourcesBuildPhase section */

/* Begin PBXVariantGroup section */
		9162AB0A23B1F1B600F4C755 /* Main.storyboard */ = {
			isa = PBXVariantGroup;
			children = (
				9162AB0B23B1F1B600F4C755 /* Base */,
			);
			name = Main.storyboard;
			sourceTree = "<group>";
		};
		9162AB0F23B1F1B800F4C755 /* LaunchScreen.storyboard */ = {
			isa = PBXVariantGroup;
			children = (
				9162AB1023B1F1B800F4C755 /* Base */,
			);
			name = LaunchScreen.storyboard;
			sourceTree = "<group>";
		};
/* End PBXVariantGroup section */

/* Begin XCBuildConfiguration section */
		9162AB1323B1F1B800F4C755 /* Debug */ = {
			isa = XCBuildConfiguration;
			buildSettings = {
				ALWAYS_SEARCH_USER_PATHS = NO;
				CLANG_ANALYZER_NONNULL = YES;
				CLANG_ANALYZER_NUMBER_OBJECT_CONVERSION = YES_AGGRESSIVE;
				CLANG_CXX_LANGUAGE_STANDARD = "gnu++14";
				CLANG_CXX_LIBRARY = "libc++";
				CLANG_ENABLE_MODULES = YES;
				CLANG_ENABLE_OBJC_ARC = YES;
				CLANG_ENABLE_OBJC_WEAK = YES;
				CLANG_WARN_BLOCK_CAPTURE_AUTORELEASING = YES;
				CLANG_WARN_BOOL_CONVERSION = YES;
				CLANG_WARN_COMMA = YES;
				CLANG_WARN_CONSTANT_CONVERSION = YES;
				CLANG_WARN_DEPRECATED_OBJC_IMPLEMENTATIONS = YES;
				CLANG_WARN_DIRECT_OBJC_ISA_USAGE = YES_ERROR;
				CLANG_WARN_DOCUMENTATION_COMMENTS = YES;
				CLANG_WARN_EMPTY_BODY = YES;
				CLANG_WARN_ENUM_CONVERSION = YES;
				CLANG_WARN_INFINITE_RECURSION = YES;
				CLANG_WARN_INT_CONVERSION = YES;
				CLANG_WARN_NON_LITERAL_NULL_CONVERSION = YES;
				CLANG_WARN_OBJC_IMPLICIT_RETAIN_SELF = YES;
				CLANG_WARN_OBJC_LITERAL_CONVERSION = YES;
				CLANG_WARN_OBJC_ROOT_CLASS = YES_ERROR;
				CLANG_WARN_QUOTED_INCLUDE_IN_FRAMEWORK_HEADER = YES;
				CLANG_WARN_RANGE_LOOP_ANALYSIS = YES;
				CLANG_WARN_STRICT_PROTOTYPES = YES;
				CLANG_WARN_SUSPICIOUS_MOVE = YES;
				CLANG_WARN_UNGUARDED_AVAILABILITY = YES_AGGRESSIVE;
				CLANG_WARN_UNREACHABLE_CODE = YES;
				CLANG_WARN__DUPLICATE_METHOD_MATCH = YES;
				COPY_PHASE_STRIP = NO;
				DEBUG_INFORMATION_FORMAT = dwarf;
				ENABLE_STRICT_OBJC_MSGSEND = YES;
				ENABLE_TESTABILITY = YES;
				GCC_C_LANGUAGE_STANDARD = gnu11;
				GCC_DYNAMIC_NO_PIC = NO;
				GCC_NO_COMMON_BLOCKS = YES;
				GCC_OPTIMIZATION_LEVEL = 0;
				GCC_PREPROCESSOR_DEFINITIONS = (
					"DEBUG=1",
					"$(inherited)",
				);
				GCC_WARN_64_TO_32_BIT_CONVERSION = YES;
				GCC_WARN_ABOUT_RETURN_TYPE = YES_ERROR;
				GCC_WARN_UNDECLARED_SELECTOR = YES;
				GCC_WARN_UNINITIALIZED_AUTOS = YES_AGGRESSIVE;
				GCC_WARN_UNUSED_FUNCTION = YES;
				GCC_WARN_UNUSED_VARIABLE = YES;
				IPHONEOS_DEPLOYMENT_TARGET = 14.0;
				MTL_ENABLE_DEBUG_INFO = INCLUDE_SOURCE;
				MTL_FAST_MATH = YES;
				ONLY_ACTIVE_ARCH = YES;
				SDKROOT = iphoneos;
				SWIFT_ACTIVE_COMPILATION_CONDITIONS = DEBUG;
				SWIFT_OPTIMIZATION_LEVEL = "-Onone";
			};
			name = Debug;
		};
		9162AB1423B1F1B800F4C755 /* Release */ = {
			isa = XCBuildConfiguration;
			buildSettings = {
				ALWAYS_SEARCH_USER_PATHS = NO;
				CLANG_ANALYZER_NONNULL = YES;
				CLANG_ANALYZER_NUMBER_OBJECT_CONVERSION = YES_AGGRESSIVE;
				CLANG_CXX_LANGUAGE_STANDARD = "gnu++14";
				CLANG_CXX_LIBRARY = "libc++";
				CLANG_ENABLE_MODULES = YES;
				CLANG_ENABLE_OBJC_ARC = YES;
				CLANG_ENABLE_OBJC_WEAK = YES;
				CLANG_WARN_BLOCK_CAPTURE_AUTORELEASING = YES;
				CLANG_WARN_BOOL_CONVERSION = YES;
				CLANG_WARN_COMMA = YES;
				CLANG_WARN_CONSTANT_CONVERSION = YES;
				CLANG_WARN_DEPRECATED_OBJC_IMPLEMENTATIONS = YES;
				CLANG_WARN_DIRECT_OBJC_ISA_USAGE = YES_ERROR;
				CLANG_WARN_DOCUMENTATION_COMMENTS = YES;
				CLANG_WARN_EMPTY_BODY = YES;
				CLANG_WARN_ENUM_CONVERSION = YES;
				CLANG_WARN_INFINITE_RECURSION = YES;
				CLANG_WARN_INT_CONVERSION = YES;
				CLANG_WARN_NON_LITERAL_NULL_CONVERSION = YES;
				CLANG_WARN_OBJC_IMPLICIT_RETAIN_SELF = YES;
				CLANG_WARN_OBJC_LITERAL_CONVERSION = YES;
				CLANG_WARN_OBJC_ROOT_CLASS = YES_ERROR;
				CLANG_WARN_QUOTED_INCLUDE_IN_FRAMEWORK_HEADER = YES;
				CLANG_WARN_RANGE_LOOP_ANALYSIS = YES;
				CLANG_WARN_STRICT_PROTOTYPES = YES;
				CLANG_WARN_SUSPICIOUS_MOVE = YES;
				CLANG_WARN_UNGUARDED_AVAILABILITY = YES_AGGRESSIVE;
				CLANG_WARN_UNREACHABLE_CODE = YES;
				CLANG_WARN__DUPLICATE_METHOD_MATCH = YES;
				COPY_PHASE_STRIP = NO;
				DEBUG_INFORMATION_FORMAT = "dwarf-with-dsym";
				ENABLE_NS_ASSERTIONS = NO;
				ENABLE_STRICT_OBJC_MSGSEND = YES;
				GCC_C_LANGUAGE_STANDARD = gnu11;
				GCC_NO_COMMON_BLOCKS = YES;
				GCC_WARN_64_TO_32_BIT_CONVERSION = YES;
				GCC_WARN_ABOUT_RETURN_TYPE = YES_ERROR;
				GCC_WARN_UNDECLARED_SELECTOR = YES;
				GCC_WARN_UNINITIALIZED_AUTOS = YES_AGGRESSIVE;
				GCC_WARN_UNUSED_FUNCTION = YES;
				GCC_WARN_UNUSED_VARIABLE = YES;
				IPHONEOS_DEPLOYMENT_TARGET = 14.0;
				MTL_ENABLE_DEBUG_INFO = NO;
				MTL_FAST_MATH = YES;
				SDKROOT = iphoneos;
				SWIFT_COMPILATION_MODE = wholemodule;
				SWIFT_OPTIMIZATION_LEVEL = "-O";
				VALIDATE_PRODUCT = YES;
			};
			name = Release;
		};
		9162AB1623B1F1B800F4C755 /* Debug */ = {
			isa = XCBuildConfiguration;
			baseConfigurationReference = 48132B6F4CA8D09CD08B3963 /* Pods-SoraQuickStart.debug.xcconfig */;
			buildSettings = {
				ASSETCATALOG_COMPILER_APPICON_NAME = AppIcon;
				CODE_SIGN_IDENTITY = "Apple Development";
				CODE_SIGN_STYLE = Automatic;
				DEVELOPMENT_TEAM = DQ232CBKHS;
				INFOPLIST_FILE = SoraQuickStart/Info.plist;
				LD_RUNPATH_SEARCH_PATHS = (
					"$(inherited)",
					"@executable_path/Frameworks",
				);
				PRODUCT_BUNDLE_IDENTIFIER = jp.shiguredo.sora.SoraQuickStart;
				PRODUCT_NAME = "$(TARGET_NAME)";
				SUPPORTED_PLATFORMS = "iphonesimulator iphoneos";
				SWIFT_VERSION = 5.0;
				TARGETED_DEVICE_FAMILY = "1,2";
			};
			name = Debug;
		};
		9162AB1723B1F1B800F4C755 /* Release */ = {
			isa = XCBuildConfiguration;
			baseConfigurationReference = B50E55FBCCE23C94F0EC2B7F /* Pods-SoraQuickStart.release.xcconfig */;
			buildSettings = {
				ASSETCATALOG_COMPILER_APPICON_NAME = AppIcon;
				CODE_SIGN_IDENTITY = "Apple Development";
				CODE_SIGN_STYLE = Automatic;
				DEVELOPMENT_TEAM = DQ232CBKHS;
				INFOPLIST_FILE = SoraQuickStart/Info.plist;
				LD_RUNPATH_SEARCH_PATHS = (
					"$(inherited)",
					"@executable_path/Frameworks",
				);
				PRODUCT_BUNDLE_IDENTIFIER = jp.shiguredo.sora.SoraQuickStart;
				PRODUCT_NAME = "$(TARGET_NAME)";
				SUPPORTED_PLATFORMS = "iphonesimulator iphoneos";
				SWIFT_VERSION = 5.0;
				TARGETED_DEVICE_FAMILY = "1,2";
			};
			name = Release;
		};
/* End XCBuildConfiguration section */

/* Begin XCConfigurationList section */
		9162AAFC23B1F1B600F4C755 /* Build configuration list for PBXProject "SoraQuickStart" */ = {
			isa = XCConfigurationList;
			buildConfigurations = (
				9162AB1323B1F1B800F4C755 /* Debug */,
				9162AB1423B1F1B800F4C755 /* Release */,
			);
			defaultConfigurationIsVisible = 0;
			defaultConfigurationName = Release;
		};
		9162AB1523B1F1B800F4C755 /* Build configuration list for PBXNativeTarget "SoraQuickStart" */ = {
			isa = XCConfigurationList;
			buildConfigurations = (
				9162AB1623B1F1B800F4C755 /* Debug */,
				9162AB1723B1F1B800F4C755 /* Release */,
			);
			defaultConfigurationIsVisible = 0;
			defaultConfigurationName = Release;
		};
/* End XCConfigurationList section */
	};
	rootObject = 9162AAF923B1F1B600F4C755 /* Project object */;
}
